// !$*UTF8*$!
{
	archiveVersion = 1;
	classes = {
	};
	objectVersion = 77;
	objects = {

/* Begin PBXBuildFile section */
		A1ABE0D32E13436C00DD7D62 /* PencilKit.framework in Frameworks */ = {isa = PBXBuildFile; fileRef = A1ABE0D22E13436C00DD7D62 /* PencilKit.framework */; };
/* End PBXBuildFile section */

/* Begin PBXContainerItemProxy section */
		A1ABE0B52E133ED300DD7D62 /* PBXContainerItemProxy */ = {
			isa = PBXContainerItemProxy;
			containerPortal = A1ABE09C2E133ED200DD7D62 /* Project object */;
			proxyType = 1;
			remoteGlobalIDString = A1ABE0A32E133ED200DD7D62;
			remoteInfo = Outline;
		};
		A1ABE0BF2E133ED300DD7D62 /* PBXContainerItemProxy */ = {
			isa = PBXContainerItemProxy;
			containerPortal = A1ABE09C2E133ED200DD7D62 /* Project object */;
			proxyType = 1;
			remoteGlobalIDString = A1ABE0A32E133ED200DD7D62;
			remoteInfo = Outline;
		};
/* End PBXContainerItemProxy section */

/* Begin PBXFileReference section */
		A1ABE0A42E133ED200DD7D62 /* Outline.app */ = {isa = PBXFileReference; explicitFileType = wrapper.application; includeInIndex = 0; path = Outline.app; sourceTree = BUILT_PRODUCTS_DIR; };
		A1ABE0B42E133ED300DD7D62 /* OutlineTests.xctest */ = {isa = PBXFileReference; explicitFileType = wrapper.cfbundle; includeInIndex = 0; path = OutlineTests.xctest; sourceTree = BUILT_PRODUCTS_DIR; };
		A1ABE0BE2E133ED300DD7D62 /* OutlineUITests.xctest */ = {isa = PBXFileReference; explicitFileType = wrapper.cfbundle; includeInIndex = 0; path = OutlineUITests.xctest; sourceTree = BUILT_PRODUCTS_DIR; };
		A1ABE0D22E13436C00DD7D62 /* PencilKit.framework */ = {isa = PBXFileReference; lastKnownFileType = wrapper.framework; name = PencilKit.framework; path = System/Library/Frameworks/PencilKit.framework; sourceTree = SDKROOT; };
/* End PBXFileReference section */

/* Begin PBXFileSystemSynchronizedRootGroup section */
		A1ABE0A62E133ED200DD7D62 /* Outline */ = {
			isa = PBXFileSystemSynchronizedRootGroup;
			path = Outline;
			sourceTree = "<group>";
		};
		A1ABE0B72E133ED300DD7D62 /* OutlineTests */ = {
			isa = PBXFileSystemSynchronizedRootGroup;
			path = OutlineTests;
			sourceTree = "<group>";
		};
		A1ABE0C12E133ED300DD7D62 /* OutlineUITests */ = {
			isa = PBXFileSystemSynchronizedRootGroup;
			path = OutlineUITests;
			sourceTree = "<group>";
		};
/* End PBXFileSystemSynchronizedRootGroup section */

/* Begin PBXFrameworksBuildPhase section */
		A1ABE0A12E133ED200DD7D62 /* Frameworks */ = {
			isa = PBXFrameworksBuildPhase;
			buildActionMask = 2147483647;
			files = (
				A1ABE0D32E13436C00DD7D62 /* PencilKit.framework in Frameworks */,
			);
			runOnlyForDeploymentPostprocessing = 0;
		};
		A1ABE0B12E133ED300DD7D62 /* Frameworks */ = {
			isa = PBXFrameworksBuildPhase;
			buildActionMask = 2147483647;
			files = (
			);
			runOnlyForDeploymentPostprocessing = 0;
		};
		A1ABE0BB2E133ED300DD7D62 /* Frameworks */ = {
			isa = PBXFrameworksBuildPhase;
			buildActionMask = 2147483647;
			files = (
			);
			runOnlyForDeploymentPostprocessing = 0;
		};
/* End PBXFrameworksBuildPhase section */

/* Begin PBXGroup section */
		A1ABE09B2E133ED200DD7D62 = {
			isa = PBXGroup;
			children = (
				A1ABE0A62E133ED200DD7D62 /* Outline */,
				A1ABE0B72E133ED300DD7D62 /* OutlineTests */,
				A1ABE0C12E133ED300DD7D62 /* OutlineUITests */,
				A1ABE0D12E13436C00DD7D62 /* Frameworks */,
				A1ABE0A52E133ED200DD7D62 /* Products */,
			);
			sourceTree = "<group>";
		};
		A1ABE0A52E133ED200DD7D62 /* Products */ = {
			isa = PBXGroup;
			children = (
				A1ABE0A42E133ED200DD7D62 /* Outline.app */,
				A1ABE0B42E133ED300DD7D62 /* OutlineTests.xctest */,
				A1ABE0BE2E133ED300DD7D62 /* OutlineUITests.xctest */,
			);
			name = Products;
			sourceTree = "<group>";
		};
		A1ABE0D12E13436C00DD7D62 /* Frameworks */ = {
			isa = PBXGroup;
			children = (
				A1ABE0D22E13436C00DD7D62 /* PencilKit.framework */,
			);
			name = Frameworks;
			sourceTree = "<group>";
		};
/* End PBXGroup section */

/* Begin PBXNativeTarget section */
		A1ABE0A32E133ED200DD7D62 /* Outline */ = {
			isa = PBXNativeTarget;
			buildConfigurationList = A1ABE0C82E133ED300DD7D62 /* Build configuration list for PBXNativeTarget "Outline" */;
			buildPhases = (
				A1ABE0A02E133ED200DD7D62 /* Sources */,
				A1ABE0A12E133ED200DD7D62 /* Frameworks */,
				A1ABE0A22E133ED200DD7D62 /* Resources */,
			);
			buildRules = (
			);
			dependencies = (
			);
			fileSystemSynchronizedGroups = (
				A1ABE0A62E133ED200DD7D62 /* Outline */,
			);
			name = Outline;
			packageProductDependencies = (
			);
			productName = Outline;
			productReference = A1ABE0A42E133ED200DD7D62 /* Outline.app */;
			productType = "com.apple.product-type.application";
		};
		A1ABE0B32E133ED300DD7D62 /* OutlineTests */ = {
			isa = PBXNativeTarget;
			buildConfigurationList = A1ABE0CB2E133ED300DD7D62 /* Build configuration list for PBXNativeTarget "OutlineTests" */;
			buildPhases = (
				A1ABE0B02E133ED300DD7D62 /* Sources */,
				A1ABE0B12E133ED300DD7D62 /* Frameworks */,
				A1ABE0B22E133ED300DD7D62 /* Resources */,
			);
			buildRules = (
			);
			dependencies = (
				A1ABE0B62E133ED300DD7D62 /* PBXTargetDependency */,
			);
			fileSystemSynchronizedGroups = (
				A1ABE0B72E133ED300DD7D62 /* OutlineTests */,
			);
			name = OutlineTests;
			packageProductDependencies = (
			);
			productName = OutlineTests;
			productReference = A1ABE0B42E133ED300DD7D62 /* OutlineTests.xctest */;
			productType = "com.apple.product-type.bundle.unit-test";
		};
		A1ABE0BD2E133ED300DD7D62 /* OutlineUITests */ = {
			isa = PBXNativeTarget;
			buildConfigurationList = A1ABE0CE2E133ED300DD7D62 /* Build configuration list for PBXNativeTarget "OutlineUITests" */;
			buildPhases = (
				A1ABE0BA2E133ED300DD7D62 /* Sources */,
				A1ABE0BB2E133ED300DD7D62 /* Frameworks */,
				A1ABE0BC2E133ED300DD7D62 /* Resources */,
			);
			buildRules = (
			);
			dependencies = (
				A1ABE0C02E133ED300DD7D62 /* PBXTargetDependency */,
			);
			fileSystemSynchronizedGroups = (
				A1ABE0C12E133ED300DD7D62 /* OutlineUITests */,
			);
			name = OutlineUITests;
			packageProductDependencies = (
			);
			productName = OutlineUITests;
			productReference = A1ABE0BE2E133ED300DD7D62 /* OutlineUITests.xctest */;
			productType = "com.apple.product-type.bundle.ui-testing";
		};
/* End PBXNativeTarget section */

/* Begin PBXProject section */
		A1ABE09C2E133ED200DD7D62 /* Project object */ = {
			isa = PBXProject;
			attributes = {
				BuildIndependentTargetsInParallel = 1;
				LastSwiftUpdateCheck = 1620;
				LastUpgradeCheck = 1620;
				TargetAttributes = {
					A1ABE0A32E133ED200DD7D62 = {
						CreatedOnToolsVersion = 16.2;
					};
					A1ABE0B32E133ED300DD7D62 = {
						CreatedOnToolsVersion = 16.2;
						TestTargetID = A1ABE0A32E133ED200DD7D62;
					};
					A1ABE0BD2E133ED300DD7D62 = {
						CreatedOnToolsVersion = 16.2;
						TestTargetID = A1ABE0A32E133ED200DD7D62;
					};
				};
			};
			buildConfigurationList = A1ABE09F2E133ED200DD7D62 /* Build configuration list for PBXProject "Outline" */;
			developmentRegion = en;
			hasScannedForEncodings = 0;
			knownRegions = (
				en,
				Base,
			);
			mainGroup = A1ABE09B2E133ED200DD7D62;
			minimizedProjectReferenceProxies = 1;
			preferredProjectObjectVersion = 77;
			productRefGroup = A1ABE0A52E133ED200DD7D62 /* Products */;
			projectDirPath = "";
			projectRoot = "";
			targets = (
				A1ABE0A32E133ED200DD7D62 /* Outline */,
				A1ABE0B32E133ED300DD7D62 /* OutlineTests */,
				A1ABE0BD2E133ED300DD7D62 /* OutlineUITests */,
			);
		};
/* End PBXProject section */

/* Begin PBXResourcesBuildPhase section */
		A1ABE0A22E133ED200DD7D62 /* Resources */ = {
			isa = PBXResourcesBuildPhase;
			buildActionMask = 2147483647;
			files = (
			);
			runOnlyForDeploymentPostprocessing = 0;
		};
		A1ABE0B22E133ED300DD7D62 /* Resources */ = {
			isa = PBXResourcesBuildPhase;
			buildActionMask = 2147483647;
			files = (
			);
			runOnlyForDeploymentPostprocessing = 0;
		};
		A1ABE0BC2E133ED300DD7D62 /* Resources */ = {
			isa = PBXResourcesBuildPhase;
			buildActionMask = 2147483647;
			files = (
			);
			runOnlyForDeploymentPostprocessing = 0;
		};
/* End PBXResourcesBuildPhase section */

/* Begin PBXSourcesBuildPhase section */
		A1ABE0A02E133ED200DD7D62 /* Sources */ = {
			isa = PBXSourcesBuildPhase;
			buildActionMask = 2147483647;
			files = (
			);
			runOnlyForDeploymentPostprocessing = 0;
		};
		A1ABE0B02E133ED300DD7D62 /* Sources */ = {
			isa = PBXSourcesBuildPhase;
			buildActionMask = 2147483647;
			files = (
			);
			runOnlyForDeploymentPostprocessing = 0;
		};
		A1ABE0BA2E133ED300DD7D62 /* Sources */ = {
			isa = PBXSourcesBuildPhase;
			buildActionMask = 2147483647;
			files = (
			);
			runOnlyForDeploymentPostprocessing = 0;
		};
/* End PBXSourcesBuildPhase section */

/* Begin PBXTargetDependency section */
		A1ABE0B62E133ED300DD7D62 /* PBXTargetDependency */ = {
			isa = PBXTargetDependency;
			target = A1ABE0A32E133ED200DD7D62 /* Outline */;
			targetProxy = A1ABE0B52E133ED300DD7D62 /* PBXContainerItemProxy */;
		};
		A1ABE0C02E133ED300DD7D62 /* PBXTargetDependency */ = {
			isa = PBXTargetDependency;
			target = A1ABE0A32E133ED200DD7D62 /* Outline */;
			targetProxy = A1ABE0BF2E133ED300DD7D62 /* PBXContainerItemProxy */;
		};
/* End PBXTargetDependency section */

/* Begin XCBuildConfiguration section */
		A1ABE0C62E133ED300DD7D62 /* Debug */ = {
			isa = XCBuildConfiguration;
			buildSettings = {
				ALWAYS_SEARCH_USER_PATHS = NO;
				ASSETCATALOG_COMPILER_GENERATE_SWIFT_ASSET_SYMBOL_EXTENSIONS = YES;
				CLANG_ANALYZER_NONNULL = YES;
				CLANG_ANALYZER_NUMBER_OBJECT_CONVERSION = YES_AGGRESSIVE;
				CLANG_CXX_LANGUAGE_STANDARD = "gnu++20";
				CLANG_ENABLE_MODULES = YES;
				CLANG_ENABLE_OBJC_ARC = YES;
				CLANG_ENABLE_OBJC_WEAK = YES;
				CLANG_WARN_BLOCK_CAPTURE_AUTORELEASING = YES;
				CLANG_WARN_BOOL_CONVERSION = YES;
				CLANG_WARN_COMMA = YES;
				CLANG_WARN_CONSTANT_CONVERSION = YES;
				CLANG_WARN_DEPRECATED_OBJC_IMPLEMENTATIONS = YES;
				CLANG_WARN_DIRECT_OBJC_ISA_USAGE = YES_ERROR;
				CLANG_WARN_DOCUMENTATION_COMMENTS = YES;
				CLANG_WARN_EMPTY_BODY = YES;
				CLANG_WARN_ENUM_CONVERSION = YES;
				CLANG_WARN_INFINITE_RECURSION = YES;
				CLANG_WARN_INT_CONVERSION = YES;
				CLANG_WARN_NON_LITERAL_NULL_CONVERSION = YES;
				CLANG_WARN_OBJC_IMPLICIT_RETAIN_SELF = YES;
				CLANG_WARN_OBJC_LITERAL_CONVERSION = YES;
				CLANG_WARN_OBJC_ROOT_CLASS = YES_ERROR;
				CLANG_WARN_QUOTED_INCLUDE_IN_FRAMEWORK_HEADER = YES;
				CLANG_WARN_RANGE_LOOP_ANALYSIS = YES;
				CLANG_WARN_STRICT_PROTOTYPES = YES;
				CLANG_WARN_SUSPICIOUS_MOVE = YES;
				CLANG_WARN_UNGUARDED_AVAILABILITY = YES_AGGRESSIVE;
				CLANG_WARN_UNREACHABLE_CODE = YES;
				CLANG_WARN__DUPLICATE_METHOD_MATCH = YES;
				COPY_PHASE_STRIP = NO;
				DEBUG_INFORMATION_FORMAT = dwarf;
				ENABLE_STRICT_OBJC_MSGSEND = YES;
				ENABLE_TESTABILITY = YES;
				ENABLE_USER_SCRIPT_SANDBOXING = YES;
				GCC_C_LANGUAGE_STANDARD = gnu17;
				GCC_DYNAMIC_NO_PIC = NO;
				GCC_NO_COMMON_BLOCKS = YES;
				GCC_OPTIMIZATION_LEVEL = 0;
				GCC_PREPROCESSOR_DEFINITIONS = (
					"DEBUG=1",
					"$(inherited)",
				);
				GCC_WARN_64_TO_32_BIT_CONVERSION = YES;
				GCC_WARN_ABOUT_RETURN_TYPE = YES_ERROR;
				GCC_WARN_UNDECLARED_SELECTOR = YES;
				GCC_WARN_UNINITIALIZED_AUTOS = YES_AGGRESSIVE;
				GCC_WARN_UNUSED_FUNCTION = YES;
				GCC_WARN_UNUSED_VARIABLE = YES;
				IPHONEOS_DEPLOYMENT_TARGET = 18.2;
				LOCALIZATION_PREFERS_STRING_CATALOGS = YES;
				MTL_ENABLE_DEBUG_INFO = INCLUDE_SOURCE;
				MTL_FAST_MATH = YES;
				ONLY_ACTIVE_ARCH = YES;
				SDKROOT = iphoneos;
				SWIFT_ACTIVE_COMPILATION_CONDITIONS = "DEBUG $(inherited)";
				SWIFT_OPTIMIZATION_LEVEL = "-Onone";
			};
			name = Debug;
		};
		A1ABE0C72E133ED300DD7D62 /* Release */ = {
			isa = XCBuildConfiguration;
			buildSettings = {
				ALWAYS_SEARCH_USER_PATHS = NO;
				ASSETCATALOG_COMPILER_GENERATE_SWIFT_ASSET_SYMBOL_EXTENSIONS = YES;
				CLANG_ANALYZER_NONNULL = YES;
				CLANG_ANALYZER_NUMBER_OBJECT_CONVERSION = YES_AGGRESSIVE;
				CLANG_CXX_LANGUAGE_STANDARD = "gnu++20";
				CLANG_ENABLE_MODULES = YES;
				CLANG_ENABLE_OBJC_ARC = YES;
				CLANG_ENABLE_OBJC_WEAK = YES;
				CLANG_WARN_BLOCK_CAPTURE_AUTORELEASING = YES;
				CLANG_WARN_BOOL_CONVERSION = YES;
				CLANG_WARN_COMMA = YES;
				CLANG_WARN_CONSTANT_CONVERSION = YES;
				CLANG_WARN_DEPRECATED_OBJC_IMPLEMENTATIONS = YES;
				CLANG_WARN_DIRECT_OBJC_ISA_USAGE = YES_ERROR;
				CLANG_WARN_DOCUMENTATION_COMMENTS = YES;
				CLANG_WARN_EMPTY_BODY = YES;
				CLANG_WARN_ENUM_CONVERSION = YES;
				CLANG_WARN_INFINITE_RECURSION = YES;
				CLANG_WARN_INT_CONVERSION = YES;
				CLANG_WARN_NON_LITERAL_NULL_CONVERSION = YES;
				CLANG_WARN_OBJC_IMPLICIT_RETAIN_SELF = YES;
				CLANG_WARN_OBJC_LITERAL_CONVERSION = YES;
				CLANG_WARN_OBJC_ROOT_CLASS = YES_ERROR;
				CLANG_WARN_QUOTED_INCLUDE_IN_FRAMEWORK_HEADER = YES;
				CLANG_WARN_RANGE_LOOP_ANALYSIS = YES;
				CLANG_WARN_STRICT_PROTOTYPES = YES;
				CLANG_WARN_SUSPICIOUS_MOVE = YES;
				CLANG_WARN_UNGUARDED_AVAILABILITY = YES_AGGRESSIVE;
				CLANG_WARN_UNREACHABLE_CODE = YES;
				CLANG_WARN__DUPLICATE_METHOD_MATCH = YES;
				COPY_PHASE_STRIP = NO;
				DEBUG_INFORMATION_FORMAT = "dwarf-with-dsym";
				ENABLE_NS_ASSERTIONS = NO;
				ENABLE_STRICT_OBJC_MSGSEND = YES;
				ENABLE_USER_SCRIPT_SANDBOXING = YES;
				GCC_C_LANGUAGE_STANDARD = gnu17;
				GCC_NO_COMMON_BLOCKS = YES;
				GCC_WARN_64_TO_32_BIT_CONVERSION = YES;
				GCC_WARN_ABOUT_RETURN_TYPE = YES_ERROR;
				GCC_WARN_UNDECLARED_SELECTOR = YES;
				GCC_WARN_UNINITIALIZED_AUTOS = YES_AGGRESSIVE;
				GCC_WARN_UNUSED_FUNCTION = YES;
				GCC_WARN_UNUSED_VARIABLE = YES;
				IPHONEOS_DEPLOYMENT_TARGET = 18.2;
				LOCALIZATION_PREFERS_STRING_CATALOGS = YES;
				MTL_ENABLE_DEBUG_INFO = NO;
				MTL_FAST_MATH = YES;
				SDKROOT = iphoneos;
				SWIFT_COMPILATION_MODE = wholemodule;
				VALIDATE_PRODUCT = YES;
			};
			name = Release;
		};
		A1ABE0C92E133ED300DD7D62 /* Debug */ = {
			isa = XCBuildConfiguration;
			buildSettings = {
				ASSETCATALOG_COMPILER_APPICON_NAME = AppIcon;
				ASSETCATALOG_COMPILER_GLOBAL_ACCENT_COLOR_NAME = AccentColor;
				CODE_SIGN_STYLE = Automatic;
				CURRENT_PROJECT_VERSION = 1;
				DEVELOPMENT_ASSET_PATHS = "\"Outline/Preview Content\"";
				DEVELOPMENT_TEAM = QKLD9S56GR;
				ENABLE_PREVIEWS = YES;
				GENERATE_INFOPLIST_FILE = YES;
				INFOPLIST_KEY_UIApplicationSceneManifest_Generation = YES;
				INFOPLIST_KEY_UIApplicationSupportsIndirectInputEvents = YES;
				INFOPLIST_KEY_UILaunchScreen_Generation = YES;
				INFOPLIST_KEY_UISupportedInterfaceOrientations_iPad = "UIInterfaceOrientationPortrait UIInterfaceOrientationPortraitUpsideDown UIInterfaceOrientationLandscapeLeft UIInterfaceOrientationLandscapeRight";
				INFOPLIST_KEY_UISupportedInterfaceOrientations_iPhone = "UIInterfaceOrientationPortrait UIInterfaceOrientationLandscapeLeft UIInterfaceOrientationLandscapeRight";
				LD_RUNPATH_SEARCH_PATHS = (
					"$(inherited)",
					"@executable_path/Frameworks",
				);
				MARKETING_VERSION = 1.0;
				PRODUCT_BUNDLE_IDENTIFIER = KKstudios.Outline;
				PRODUCT_NAME = "$(TARGET_NAME)";
				SWIFT_EMIT_LOC_STRINGS = YES;
				SWIFT_VERSION = 5.0;
				TARGETED_DEVICE_FAMILY = "1,2";
			};
			name = Debug;
		};
		A1ABE0CA2E133ED300DD7D62 /* Release */ = {
			isa = XCBuildConfiguration;
			buildSettings = {
				ASSETCATALOG_COMPILER_APPICON_NAME = AppIcon;
				ASSETCATALOG_COMPILER_GLOBAL_ACCENT_COLOR_NAME = AccentColor;
				CODE_SIGN_STYLE = Automatic;
				CURRENT_PROJECT_VERSION = 1;
				DEVELOPMENT_ASSET_PATHS = "\"Outline/Preview Content\"";
				DEVELOPMENT_TEAM = QKLD9S56GR;
				ENABLE_PREVIEWS = YES;
				GENERATE_INFOPLIST_FILE = YES;
				INFOPLIST_KEY_UIApplicationSceneManifest_Generation = YES;
				INFOPLIST_KEY_UIApplicationSupportsIndirectInputEvents = YES;
				INFOPLIST_KEY_UILaunchScreen_Generation = YES;
				INFOPLIST_KEY_UISupportedInterfaceOrientations_iPad = "UIInterfaceOrientationPortrait UIInterfaceOrientationPortraitUpsideDown UIInterfaceOrientationLandscapeLeft UIInterfaceOrientationLandscapeRight";
				INFOPLIST_KEY_UISupportedInterfaceOrientations_iPhone = "UIInterfaceOrientationPortrait UIInterfaceOrientationLandscapeLeft UIInterfaceOrientationLandscapeRight";
				LD_RUNPATH_SEARCH_PATHS = (
					"$(inherited)",
					"@executable_path/Frameworks",
				);
				MARKETING_VERSION = 1.0;
				PRODUCT_BUNDLE_IDENTIFIER = KKstudios.Outline;
				PRODUCT_NAME = "$(TARGET_NAME)";
				SWIFT_EMIT_LOC_STRINGS = YES;
				SWIFT_VERSION = 5.0;
				TARGETED_DEVICE_FAMILY = "1,2";
			};
			name = Release;
		};
		A1ABE0CC2E133ED300DD7D62 /* Debug */ = {
			isa = XCBuildConfiguration;
			buildSettings = {
				BUNDLE_LOADER = "$(TEST_HOST)";
				CODE_SIGN_STYLE = Automatic;
				CURRENT_PROJECT_VERSION = 1;
				DEVELOPMENT_TEAM = QKLD9S56GR;
				GENERATE_INFOPLIST_FILE = YES;
				IPHONEOS_DEPLOYMENT_TARGET = 18.2;
				MARKETING_VERSION = 1.0;
				PRODUCT_BUNDLE_IDENTIFIER = KKstudios.OutlineTests;
				PRODUCT_NAME = "$(TARGET_NAME)";
				SWIFT_EMIT_LOC_STRINGS = NO;
				SWIFT_VERSION = 5.0;
				TARGETED_DEVICE_FAMILY = "1,2";
				TEST_HOST = "$(BUILT_PRODUCTS_DIR)/Outline.app/$(BUNDLE_EXECUTABLE_FOLDER_PATH)/Outline";
			};
			name = Debug;
		};
		A1ABE0CD2E133ED300DD7D62 /* Release */ = {
			isa = XCBuildConfiguration;
			buildSettings = {
				BUNDLE_LOADER = "$(TEST_HOST)";
				CODE_SIGN_STYLE = Automatic;
				CURRENT_PROJECT_VERSION = 1;
				DEVELOPMENT_TEAM = QKLD9S56GR;
				GENERATE_INFOPLIST_FILE = YES;
				IPHONEOS_DEPLOYMENT_TARGET = 18.2;
				MARKETING_VERSION = 1.0;
				PRODUCT_BUNDLE_IDENTIFIER = KKstudios.OutlineTests;
				PRODUCT_NAME = "$(TARGET_NAME)";
				SWIFT_EMIT_LOC_STRINGS = NO;
				SWIFT_VERSION = 5.0;
				TARGETED_DEVICE_FAMILY = "1,2";
				TEST_HOST = "$(BUILT_PRODUCTS_DIR)/Outline.app/$(BUNDLE_EXECUTABLE_FOLDER_PATH)/Outline";
			};
			name = Release;
		};
		A1ABE0CF2E133ED300DD7D62 /* Debug */ = {
			isa = XCBuildConfiguration;
			buildSettings = {
				CODE_SIGN_STYLE = Automatic;
				CURRENT_PROJECT_VERSION = 1;
				DEVELOPMENT_TEAM = QKLD9S56GR;
				GENERATE_INFOPLIST_FILE = YES;
				MARKETING_VERSION = 1.0;
				PRODUCT_BUNDLE_IDENTIFIER = KKstudios.OutlineUITests;
				PRODUCT_NAME = "$(TARGET_NAME)";
				SWIFT_EMIT_LOC_STRINGS = NO;
				SWIFT_VERSION = 5.0;
				TARGETED_DEVICE_FAMILY = "1,2";
				TEST_TARGET_NAME = Outline;
			};
			name = Debug;
		};
		A1ABE0D02E133ED300DD7D62 /* Release */ = {
			isa = XCBuildConfiguration;
			buildSettings = {
				CODE_SIGN_STYLE = Automatic;
				CURRENT_PROJECT_VERSION = 1;
				DEVELOPMENT_TEAM = QKLD9S56GR;
				GENERATE_INFOPLIST_FILE = YES;
				MARKETING_VERSION = 1.0;
				PRODUCT_BUNDLE_IDENTIFIER = KKstudios.OutlineUITests;
				PRODUCT_NAME = "$(TARGET_NAME)";
				SWIFT_EMIT_LOC_STRINGS = NO;
				SWIFT_VERSION = 5.0;
				TARGETED_DEVICE_FAMILY = "1,2";
				TEST_TARGET_NAME = Outline;
			};
			name = Release;
		};
/* End XCBuildConfiguration section */

/* Begin XCConfigurationList section */
		A1ABE09F2E133ED200DD7D62 /* Build configuration list for PBXProject "Outline" */ = {
			isa = XCConfigurationList;
			buildConfigurations = (
				A1ABE0C62E133ED300DD7D62 /* Debug */,
				A1ABE0C72E133ED300DD7D62 /* Release */,
			);
			defaultConfigurationIsVisible = 0;
			defaultConfigurationName = Release;
		};
		A1ABE0C82E133ED300DD7D62 /* Build configuration list for PBXNativeTarget "Outline" */ = {
			isa = XCConfigurationList;
			buildConfigurations = (
				A1ABE0C92E133ED300DD7D62 /* Debug */,
				A1ABE0CA2E133ED300DD7D62 /* Release */,
			);
			defaultConfigurationIsVisible = 0;
			defaultConfigurationName = Release;
		};
		A1ABE0CB2E133ED300DD7D62 /* Build configuration list for PBXNativeTarget "OutlineTests" */ = {
			isa = XCConfigurationList;
			buildConfigurations = (
				A1ABE0CC2E133ED300DD7D62 /* Debug */,
				A1ABE0CD2E133ED300DD7D62 /* Release */,
			);
			defaultConfigurationIsVisible = 0;
			defaultConfigurationName = Release;
		};
		A1ABE0CE2E133ED300DD7D62 /* Build configuration list for PBXNativeTarget "OutlineUITests" */ = {
			isa = XCConfigurationList;
			buildConfigurations = (
				A1ABE0CF2E133ED300DD7D62 /* Debug */,
				A1ABE0D02E133ED300DD7D62 /* Release */,
			);
			defaultConfigurationIsVisible = 0;
			defaultConfigurationName = Release;
		};
/* End XCConfigurationList section */
	};
	rootObject = A1ABE09C2E133ED200DD7D62 /* Project object */;
}
